
Microsoft Visual Studio Solution File, Format Version 12.00
# Visual Studio 15
VisualStudioVersion = 15.0.27703.2047
MinimumVisualStudioVersion = 10.0.40219.1
Project("{FAE04EC0-301F-11D3-BF4B-00C04F79EFBC}") = "NewCopyPaste", "NewCopyPaste\NewCopyPaste.csproj", "{AE1DDFD1-1C2E-4A76-8B59-6865BB8FBBB4}"
EndProject
Global
	GlobalSection(SolutionConfigurationPlatforms) = preSolution
		Debug|Any CPU = Debug|Any CPU
		Release|Any CPU = Release|Any CPU
	EndGlobalSection
	GlobalSection(ProjectConfigurationPlatforms) = postSolution
		{AE1DDFD1-1C2E-4A76-8B59-6865BB8FBBB4}.Debug|Any CPU.ActiveCfg = Debug|Any CPU
		{AE1DDFD1-1C2E-4A76-8B59-6865BB8FBBB4}.Debug|Any CPU.Build.0 = Debug|Any CPU
		{AE1DDFD1-1C2E-4A76-8B59-6865BB8FBBB4}.Release|Any CPU.ActiveCfg = Release|Any CPU
		{AE1DDFD1-1C2E-4A76-8B59-6865BB8FBBB4}.Release|Any CPU.Build.0 = Release|Any CPU
	EndGlobalSection
	GlobalSection(SolutionProperties) = preSolution
		HideSolutionNode = FALSE
	EndGlobalSection
	GlobalSection(ExtensibilityGlobals) = postSolution
		SolutionGuid = {23EC78B6-3D5C-43CA-80D5-CB8CD3691B39}
	EndGlobalSection
EndGlobal
